
Microsoft Visual Studio Solution File, Format Version 12.00
# Visual Studio Version 16
VisualStudioVersion = 16.0.30611.23
MinimumVisualStudioVersion = 10.0.40219.1
Project("{FAE04EC0-301F-11D3-BF4B-00C04F79EFBC}") = "Employees", "Employees.csproj", "{103EE1DB-3C9F-48B6-AC36-7E2C7465282B}"
EndProject
Global
	GlobalSection(SolutionConfigurationPlatforms) = preSolution
		Debug|Any CPU = Debug|Any CPU
		Release|Any CPU = Release|Any CPU
	EndGlobalSection
	GlobalSection(ProjectConfigurationPlatforms) = postSolution
		{103EE1DB-3C9F-48B6-AC36-7E2C7465282B}.Debug|Any CPU.ActiveCfg = Debug|Any CPU
		{103EE1DB-3C9F-48B6-AC36-7E2C7465282B}.Debug|Any CPU.Build.0 = Debug|Any CPU
		{103EE1DB-3C9F-48B6-AC36-7E2C7465282B}.Release|Any CPU.ActiveCfg = Release|Any CPU
		{103EE1DB-3C9F-48B6-AC36-7E2C7465282B}.Release|Any CPU.Build.0 = Release|Any CPU
	EndGlobalSection
	GlobalSection(SolutionProperties) = preSolution
		HideSolutionNode = FALSE
	EndGlobalSection
	GlobalSection(ExtensibilityGlobals) = postSolution
		SolutionGuid = {4C038C40-C729-455C-AAAB-D8D2D3982065}
	EndGlobalSection
EndGlobal
